// !$*UTF8*$!
{
	archiveVersion = 1;
	classes = {
	};
	objectVersion = 46;
	objects = {

/* Begin PBXBuildFile section */
		183E38AA18A86CB0005F05DF /* Foundation.framework in Frameworks */ = {isa = PBXBuildFile; fileRef = 183E38A918A86CB0005F05DF /* Foundation.framework */; };
		183E38AC18A86CB0005F05DF /* CoreGraphics.framework in Frameworks */ = {isa = PBXBuildFile; fileRef = 183E38AB18A86CB0005F05DF /* CoreGraphics.framework */; };
		183E38AE18A86CB0005F05DF /* UIKit.framework in Frameworks */ = {isa = PBXBuildFile; fileRef = 183E38AD18A86CB0005F05DF /* UIKit.framework */; };
		183E38B418A86CB0005F05DF /* InfoPlist.strings in Resources */ = {isa = PBXBuildFile; fileRef = 183E38B218A86CB0005F05DF /* InfoPlist.strings */; };
		183E38B618A86CB0005F05DF /* main.m in Sources */ = {isa = PBXBuildFile; fileRef = 183E38B518A86CB0005F05DF /* main.m */; };
		183E38BA18A86CB0005F05DF /* AppDelegate.m in Sources */ = {isa = PBXBuildFile; fileRef = 183E38B918A86CB0005F05DF /* AppDelegate.m */; };
		183E38BC18A86CB0005F05DF /* Images.xcassets in Resources */ = {isa = PBXBuildFile; fileRef = 183E38BB18A86CB0005F05DF /* Images.xcassets */; };
		183E38C318A86CB0005F05DF /* XCTest.framework in Frameworks */ = {isa = PBXBuildFile; fileRef = 183E38C218A86CB0005F05DF /* XCTest.framework */; };
		183E38C418A86CB0005F05DF /* Foundation.framework in Frameworks */ = {isa = PBXBuildFile; fileRef = 183E38A918A86CB0005F05DF /* Foundation.framework */; };
		183E38C518A86CB0005F05DF /* UIKit.framework in Frameworks */ = {isa = PBXBuildFile; fileRef = 183E38AD18A86CB0005F05DF /* UIKit.framework */; };
		183E38CD18A86CB0005F05DF /* InfoPlist.strings in Resources */ = {isa = PBXBuildFile; fileRef = 183E38CB18A86CB0005F05DF /* InfoPlist.strings */; };
		183E38CF18A86CB0005F05DF /* XMLDemoTests.m in Sources */ = {isa = PBXBuildFile; fileRef = 183E38CE18A86CB0005F05DF /* XMLDemoTests.m */; };
		183E38DA18A86D24005F05DF /* WTYRootViewController.m in Sources */ = {isa = PBXBuildFile; fileRef = 183E38D918A86D24005F05DF /* WTYRootViewController.m */; };
		183E38DD18A87103005F05DF /* GDataXMLNode.m in Sources */ = {isa = PBXBuildFile; fileRef = 183E38DC18A87103005F05DF /* GDataXMLNode.m */; };
		183E38DF18A8712F005F05DF /* libxml2.dylib in Frameworks */ = {isa = PBXBuildFile; fileRef = 183E38DE18A8712F005F05DF /* libxml2.dylib */; };
		183E38E218A87374005F05DF /* HttpRequest.m in Sources */ = {isa = PBXBuildFile; fileRef = 183E38E118A87374005F05DF /* HttpRequest.m */; };
		183E38E618A87DE2005F05DF /* UserItem.m in Sources */ = {isa = PBXBuildFile; fileRef = 183E38E518A87DE2005F05DF /* UserItem.m */; };
		189894AB18ADB86300A4F4B8 /* Data.strings in Resources */ = {isa = PBXBuildFile; fileRef = 189894A918ADB86300A4F4B8 /* Data.strings */; };
		18F5B51118AC72D000250CFA /* EGORefreshTableHeaderView.m in Sources */ = {isa = PBXBuildFile; fileRef = 18F5B50718AC72D000250CFA /* EGORefreshTableHeaderView.m */; };
		18F5B51218AC72D000250CFA /* blackArrow.png in Resources */ = {isa = PBXBuildFile; fileRef = 18F5B50918AC72D000250CFA /* blackArrow.png */; };
		18F5B51318AC72D000250CFA /* blackArrow@2x.png in Resources */ = {isa = PBXBuildFile; fileRef = 18F5B50A18AC72D000250CFA /* blackArrow@2x.png */; };
		18F5B51418AC72D000250CFA /* blueArrow.png in Resources */ = {isa = PBXBuildFile; fileRef = 18F5B50B18AC72D000250CFA /* blueArrow.png */; };
		18F5B51518AC72D000250CFA /* blueArrow@2x.png in Resources */ = {isa = PBXBuildFile; fileRef = 18F5B50C18AC72D000250CFA /* blueArrow@2x.png */; };
		18F5B51618AC72D000250CFA /* grayArrow.png in Resources */ = {isa = PBXBuildFile; fileRef = 18F5B50D18AC72D000250CFA /* grayArrow.png */; };
		18F5B51718AC72D000250CFA /* grayArrow@2x.png in Resources */ = {isa = PBXBuildFile; fileRef = 18F5B50E18AC72D000250CFA /* grayArrow@2x.png */; };
		18F5B51818AC72D000250CFA /* whiteArrow.png in Resources */ = {isa = PBXBuildFile; fileRef = 18F5B50F18AC72D000250CFA /* whiteArrow.png */; };
		18F5B51918AC72D000250CFA /* whiteArrow@2x.png in Resources */ = {isa = PBXBuildFile; fileRef = 18F5B51018AC72D000250CFA /* whiteArrow@2x.png */; };
		18F5B52518AC72F000250CFA /* FMDatabase.m in Sources */ = {isa = PBXBuildFile; fileRef = 18F5B51C18AC72F000250CFA /* FMDatabase.m */; };
		18F5B52618AC72F000250CFA /* FMDatabaseAdditions.m in Sources */ = {isa = PBXBuildFile; fileRef = 18F5B51E18AC72F000250CFA /* FMDatabaseAdditions.m */; };
		18F5B52718AC72F000250CFA /* FMDatabasePool.m in Sources */ = {isa = PBXBuildFile; fileRef = 18F5B52018AC72F000250CFA /* FMDatabasePool.m */; };
		18F5B52818AC72F000250CFA /* FMDatabaseQueue.m in Sources */ = {isa = PBXBuildFile; fileRef = 18F5B52218AC72F000250CFA /* FMDatabaseQueue.m */; };
		18F5B52918AC72F000250CFA /* FMResultSet.m in Sources */ = {isa = PBXBuildFile; fileRef = 18F5B52418AC72F000250CFA /* FMResultSet.m */; };
		18F5B52B18AC730A00250CFA /* libsqlite3.dylib in Frameworks */ = {isa = PBXBuildFile; fileRef = 18F5B52A18AC730A00250CFA /* libsqlite3.dylib */; };
		18F5B52E18AC733300250CFA /* QFDatabase.m in Sources */ = {isa = PBXBuildFile; fileRef = 18F5B52D18AC733300250CFA /* QFDatabase.m */; };
/* End PBXBuildFile section */

/* Begin PBXContainerItemProxy section */
		183E38C618A86CB0005F05DF /* PBXContainerItemProxy */ = {
			isa = PBXContainerItemProxy;
			containerPortal = 183E389E18A86CB0005F05DF /* Project object */;
			proxyType = 1;
			remoteGlobalIDString = 183E38A518A86CB0005F05DF;
			remoteInfo = XMLDemo;
		};
/* End PBXContainerItemProxy section */

/* Begin PBXFileReference section */
		183E38A618A86CB0005F05DF /* XMLDemo.app */ = {isa = PBXFileReference; explicitFileType = wrapper.application; includeInIndex = 0; path = XMLDemo.app; sourceTree = BUILT_PRODUCTS_DIR; };
		183E38A918A86CB0005F05DF /* Foundation.framework */ = {isa = PBXFileReference; lastKnownFileType = wrapper.framework; name = Foundation.framework; path = System/Library/Frameworks/Foundation.framework; sourceTree = SDKROOT; };
		183E38AB18A86CB0005F05DF /* CoreGraphics.framework */ = {isa = PBXFileReference; lastKnownFileType = wrapper.framework; name = CoreGraphics.framework; path = System/Library/Frameworks/CoreGraphics.framework; sourceTree = SDKROOT; };
		183E38AD18A86CB0005F05DF /* UIKit.framework */ = {isa = PBXFileReference; lastKnownFileType = wrapper.framework; name = UIKit.framework; path = System/Library/Frameworks/UIKit.framework; sourceTree = SDKROOT; };
		183E38B118A86CB0005F05DF /* XMLDemo-Info.plist */ = {isa = PBXFileReference; lastKnownFileType = text.plist.xml; path = "XMLDemo-Info.plist"; sourceTree = "<group>"; };
		183E38B318A86CB0005F05DF /* en */ = {isa = PBXFileReference; lastKnownFileType = text.plist.strings; name = en; path = en.lproj/InfoPlist.strings; sourceTree = "<group>"; };
		183E38B518A86CB0005F05DF /* main.m */ = {isa = PBXFileReference; lastKnownFileType = sourcecode.c.objc; path = main.m; sourceTree = "<group>"; };
		183E38B718A86CB0005F05DF /* XMLDemo-Prefix.pch */ = {isa = PBXFileReference; lastKnownFileType = sourcecode.c.h; path = "XMLDemo-Prefix.pch"; sourceTree = "<group>"; };
		183E38B818A86CB0005F05DF /* AppDelegate.h */ = {isa = PBXFileReference; lastKnownFileType = sourcecode.c.h; path = AppDelegate.h; sourceTree = "<group>"; };
		183E38B918A86CB0005F05DF /* AppDelegate.m */ = {isa = PBXFileReference; lastKnownFileType = sourcecode.c.objc; path = AppDelegate.m; sourceTree = "<group>"; };
		183E38BB18A86CB0005F05DF /* Images.xcassets */ = {isa = PBXFileReference; lastKnownFileType = folder.assetcatalog; path = Images.xcassets; sourceTree = "<group>"; };
		183E38C118A86CB0005F05DF /* XMLDemoTests.xctest */ = {isa = PBXFileReference; explicitFileType = wrapper.cfbundle; includeInIndex = 0; path = XMLDemoTests.xctest; sourceTree = BUILT_PRODUCTS_DIR; };
		183E38C218A86CB0005F05DF /* XCTest.framework */ = {isa = PBXFileReference; lastKnownFileType = wrapper.framework; name = XCTest.framework; path = Library/Frameworks/XCTest.framework; sourceTree = DEVELOPER_DIR; };
		183E38CA18A86CB0005F05DF /* XMLDemoTests-Info.plist */ = {isa = PBXFileReference; lastKnownFileType = text.plist.xml; path = "XMLDemoTests-Info.plist"; sourceTree = "<group>"; };
		183E38CC18A86CB0005F05DF /* en */ = {isa = PBXFileReference; lastKnownFileType = text.plist.strings; name = en; path = en.lproj/InfoPlist.strings; sourceTree = "<group>"; };
		183E38CE18A86CB0005F05DF /* XMLDemoTests.m */ = {isa = PBXFileReference; lastKnownFileType = sourcecode.c.objc; path = XMLDemoTests.m; sourceTree = "<group>"; };
		183E38D818A86D24005F05DF /* WTYRootViewController.h */ = {isa = PBXFileReference; fileEncoding = 4; lastKnownFileType = sourcecode.c.h; path = WTYRootViewController.h; sourceTree = "<group>"; };
		183E38D918A86D24005F05DF /* WTYRootViewController.m */ = {isa = PBXFileReference; fileEncoding = 4; lastKnownFileType = sourcecode.c.objc; path = WTYRootViewController.m; sourceTree = "<group>"; };
		183E38DB18A87103005F05DF /* GDataXMLNode.h */ = {isa = PBXFileReference; fileEncoding = 4; lastKnownFileType = sourcecode.c.h; path = GDataXMLNode.h; sourceTree = "<group>"; };
		183E38DC18A87103005F05DF /* GDataXMLNode.m */ = {isa = PBXFileReference; fileEncoding = 4; lastKnownFileType = sourcecode.c.objc; path = GDataXMLNode.m; sourceTree = "<group>"; };
		183E38DE18A8712F005F05DF /* libxml2.dylib */ = {isa = PBXFileReference; lastKnownFileType = "compiled.mach-o.dylib"; name = libxml2.dylib; path = usr/lib/libxml2.dylib; sourceTree = SDKROOT; };
		183E38E018A87374005F05DF /* HttpRequest.h */ = {isa = PBXFileReference; fileEncoding = 4; lastKnownFileType = sourcecode.c.h; path = HttpRequest.h; sourceTree = "<group>"; };
		183E38E118A87374005F05DF /* HttpRequest.m */ = {isa = PBXFileReference; fileEncoding = 4; lastKnownFileType = sourcecode.c.objc; path = HttpRequest.m; sourceTree = "<group>"; };
		183E38E318A873C4005F05DF /* HttpRequestDelegate.h */ = {isa = PBXFileReference; lastKnownFileType = sourcecode.c.h; path = HttpRequestDelegate.h; sourceTree = "<group>"; };
		183E38E418A87DE2005F05DF /* UserItem.h */ = {isa = PBXFileReference; fileEncoding = 4; lastKnownFileType = sourcecode.c.h; path = UserItem.h; sourceTree = "<group>"; };
		183E38E518A87DE2005F05DF /* UserItem.m */ = {isa = PBXFileReference; fileEncoding = 4; lastKnownFileType = sourcecode.c.objc; path = UserItem.m; sourceTree = "<group>"; };
		189894A518ADB79100A4F4B8 /* zh-Hans */ = {isa = PBXFileReference; lastKnownFileType = text.plist.strings; name = "zh-Hans"; path = "zh-Hans.lproj/InfoPlist.strings"; sourceTree = "<group>"; };
		189894A618ADB79100A4F4B8 /* zh-Hans */ = {isa = PBXFileReference; lastKnownFileType = text.plist.strings; name = "zh-Hans"; path = "zh-Hans.lproj/InfoPlist.strings"; sourceTree = "<group>"; };
		189894AA18ADB86300A4F4B8 /* en */ = {isa = PBXFileReference; lastKnownFileType = text.plist.strings; name = en; path = en.lproj/Data.strings; sourceTree = "<group>"; };
		189894AC18ADB87000A4F4B8 /* zh-Hans */ = {isa = PBXFileReference; lastKnownFileType = text.plist.strings; name = "zh-Hans"; path = "zh-Hans.lproj/Data.strings"; sourceTree = "<group>"; };
		18F5B50618AC72D000250CFA /* EGORefreshTableHeaderView.h */ = {isa = PBXFileReference; fileEncoding = 4; lastKnownFileType = sourcecode.c.h; path = EGORefreshTableHeaderView.h; sourceTree = "<group>"; };
		18F5B50718AC72D000250CFA /* EGORefreshTableHeaderView.m */ = {isa = PBXFileReference; fileEncoding = 4; lastKnownFileType = sourcecode.c.objc; path = EGORefreshTableHeaderView.m; sourceTree = "<group>"; };
		18F5B50918AC72D000250CFA /* blackArrow.png */ = {isa = PBXFileReference; lastKnownFileType = image.png; path = blackArrow.png; sourceTree = "<group>"; };
		18F5B50A18AC72D000250CFA /* blackArrow@2x.png */ = {isa = PBXFileReference; lastKnownFileType = image.png; path = "blackArrow@2x.png"; sourceTree = "<group>"; };
		18F5B50B18AC72D000250CFA /* blueArrow.png */ = {isa = PBXFileReference; lastKnownFileType = image.png; path = blueArrow.png; sourceTree = "<group>"; };
		18F5B50C18AC72D000250CFA /* blueArrow@2x.png */ = {isa = PBXFileReference; lastKnownFileType = image.png; path = "blueArrow@2x.png"; sourceTree = "<group>"; };
		18F5B50D18AC72D000250CFA /* grayArrow.png */ = {isa = PBXFileReference; lastKnownFileType = image.png; path = grayArrow.png; sourceTree = "<group>"; };
		18F5B50E18AC72D000250CFA /* grayArrow@2x.png */ = {isa = PBXFileReference; lastKnownFileType = image.png; path = "grayArrow@2x.png"; sourceTree = "<group>"; };
		18F5B50F18AC72D000250CFA /* whiteArrow.png */ = {isa = PBXFileReference; lastKnownFileType = image.png; path = whiteArrow.png; sourceTree = "<group>"; };
		18F5B51018AC72D000250CFA /* whiteArrow@2x.png */ = {isa = PBXFileReference; lastKnownFileType = image.png; path = "whiteArrow@2x.png"; sourceTree = "<group>"; };
		18F5B51B18AC72F000250CFA /* FMDatabase.h */ = {isa = PBXFileReference; fileEncoding = 4; lastKnownFileType = sourcecode.c.h; path = FMDatabase.h; sourceTree = "<group>"; };
		18F5B51C18AC72F000250CFA /* FMDatabase.m */ = {isa = PBXFileReference; fileEncoding = 4; lastKnownFileType = sourcecode.c.objc; path = FMDatabase.m; sourceTree = "<group>"; };
		18F5B51D18AC72F000250CFA /* FMDatabaseAdditions.h */ = {isa = PBXFileReference; fileEncoding = 4; lastKnownFileType = sourcecode.c.h; path = FMDatabaseAdditions.h; sourceTree = "<group>"; };
		18F5B51E18AC72F000250CFA /* FMDatabaseAdditions.m */ = {isa = PBXFileReference; fileEncoding = 4; lastKnownFileType = sourcecode.c.objc; path = FMDatabaseAdditions.m; sourceTree = "<group>"; };
		18F5B51F18AC72F000250CFA /* FMDatabasePool.h */ = {isa = PBXFileReference; fileEncoding = 4; lastKnownFileType = sourcecode.c.h; path = FMDatabasePool.h; sourceTree = "<group>"; };
		18F5B52018AC72F000250CFA /* FMDatabasePool.m */ = {isa = PBXFileReference; fileEncoding = 4; lastKnownFileType = sourcecode.c.objc; path = FMDatabasePool.m; sourceTree = "<group>"; };
		18F5B52118AC72F000250CFA /* FMDatabaseQueue.h */ = {isa = PBXFileReference; fileEncoding = 4; lastKnownFileType = sourcecode.c.h; path = FMDatabaseQueue.h; sourceTree = "<group>"; };
		18F5B52218AC72F000250CFA /* FMDatabaseQueue.m */ = {isa = PBXFileReference; fileEncoding = 4; lastKnownFileType = sourcecode.c.objc; path = FMDatabaseQueue.m; sourceTree = "<group>"; };
		18F5B52318AC72F000250CFA /* FMResultSet.h */ = {isa = PBXFileReference; fileEncoding = 4; lastKnownFileType = sourcecode.c.h; path = FMResultSet.h; sourceTree = "<group>"; };
		18F5B52418AC72F000250CFA /* FMResultSet.m */ = {isa = PBXFileReference; fileEncoding = 4; lastKnownFileType = sourcecode.c.objc; path = FMResultSet.m; sourceTree = "<group>"; };
		18F5B52A18AC730A00250CFA /* libsqlite3.dylib */ = {isa = PBXFileReference; lastKnownFileType = "compiled.mach-o.dylib"; name = libsqlite3.dylib; path = usr/lib/libsqlite3.dylib; sourceTree = SDKROOT; };
		18F5B52C18AC733300250CFA /* QFDatabase.h */ = {isa = PBXFileReference; fileEncoding = 4; lastKnownFileType = sourcecode.c.h; path = QFDatabase.h; sourceTree = "<group>"; };
		18F5B52D18AC733300250CFA /* QFDatabase.m */ = {isa = PBXFileReference; fileEncoding = 4; lastKnownFileType = sourcecode.c.objc; path = QFDatabase.m; sourceTree = "<group>"; };
/* End PBXFileReference section */

/* Begin PBXFrameworksBuildPhase section */
		183E38A318A86CB0005F05DF /* Frameworks */ = {
			isa = PBXFrameworksBuildPhase;
			buildActionMask = 2147483647;
			files = (
				18F5B52B18AC730A00250CFA /* libsqlite3.dylib in Frameworks */,
				183E38DF18A8712F005F05DF /* libxml2.dylib in Frameworks */,
				183E38AC18A86CB0005F05DF /* CoreGraphics.framework in Frameworks */,
				183E38AE18A86CB0005F05DF /* UIKit.framework in Frameworks */,
				183E38AA18A86CB0005F05DF /* Foundation.framework in Frameworks */,
			);
			runOnlyForDeploymentPostprocessing = 0;
		};
		183E38BE18A86CB0005F05DF /* Frameworks */ = {
			isa = PBXFrameworksBuildPhase;
			buildActionMask = 2147483647;
			files = (
				183E38C318A86CB0005F05DF /* XCTest.framework in Frameworks */,
				183E38C518A86CB0005F05DF /* UIKit.framework in Frameworks */,
				183E38C418A86CB0005F05DF /* Foundation.framework in Frameworks */,
			);
			runOnlyForDeploymentPostprocessing = 0;
		};
/* End PBXFrameworksBuildPhase section */

/* Begin PBXGroup section */
		183E389D18A86CB0005F05DF = {
			isa = PBXGroup;
			children = (
				183E38AF18A86CB0005F05DF /* XMLDemo */,
				183E38C818A86CB0005F05DF /* XMLDemoTests */,
				183E38A818A86CB0005F05DF /* Frameworks */,
				183E38A718A86CB0005F05DF /* Products */,
			);
			sourceTree = "<group>";
		};
		183E38A718A86CB0005F05DF /* Products */ = {
			isa = PBXGroup;
			children = (
				183E38A618A86CB0005F05DF /* XMLDemo.app */,
				183E38C118A86CB0005F05DF /* XMLDemoTests.xctest */,
			);
			name = Products;
			sourceTree = "<group>";
		};
		183E38A818A86CB0005F05DF /* Frameworks */ = {
			isa = PBXGroup;
			children = (
				18F5B52A18AC730A00250CFA /* libsqlite3.dylib */,
				183E38DE18A8712F005F05DF /* libxml2.dylib */,
				183E38A918A86CB0005F05DF /* Foundation.framework */,
				183E38AB18A86CB0005F05DF /* CoreGraphics.framework */,
				183E38AD18A86CB0005F05DF /* UIKit.framework */,
				183E38C218A86CB0005F05DF /* XCTest.framework */,
			);
			name = Frameworks;
			sourceTree = "<group>";
		};
		183E38AF18A86CB0005F05DF /* XMLDemo */ = {
			isa = PBXGroup;
			children = (
				189894A918ADB86300A4F4B8 /* Data.strings */,
				18F5B51A18AC72F000250CFA /* fmdb */,
				18F5B50318AC72D000250CFA /* EGOTableViewPullRefresh */,
				183E38B818A86CB0005F05DF /* AppDelegate.h */,
				183E38B918A86CB0005F05DF /* AppDelegate.m */,
				183E38D818A86D24005F05DF /* WTYRootViewController.h */,
				183E38D918A86D24005F05DF /* WTYRootViewController.m */,
				183E38DB18A87103005F05DF /* GDataXMLNode.h */,
				183E38DC18A87103005F05DF /* GDataXMLNode.m */,
				183E38E018A87374005F05DF /* HttpRequest.h */,
				183E38E118A87374005F05DF /* HttpRequest.m */,
				183E38E318A873C4005F05DF /* HttpRequestDelegate.h */,
				183E38E418A87DE2005F05DF /* UserItem.h */,
				183E38E518A87DE2005F05DF /* UserItem.m */,
				18F5B52C18AC733300250CFA /* QFDatabase.h */,
				18F5B52D18AC733300250CFA /* QFDatabase.m */,
				183E38BB18A86CB0005F05DF /* Images.xcassets */,
				183E38B018A86CB0005F05DF /* Supporting Files */,
			);
			path = XMLDemo;
			sourceTree = "<group>";
		};
		183E38B018A86CB0005F05DF /* Supporting Files */ = {
			isa = PBXGroup;
			children = (
				183E38B118A86CB0005F05DF /* XMLDemo-Info.plist */,
				183E38B218A86CB0005F05DF /* InfoPlist.strings */,
				183E38B518A86CB0005F05DF /* main.m */,
				183E38B718A86CB0005F05DF /* XMLDemo-Prefix.pch */,
			);
			name = "Supporting Files";
			sourceTree = "<group>";
		};
		183E38C818A86CB0005F05DF /* XMLDemoTests */ = {
			isa = PBXGroup;
			children = (
				183E38CE18A86CB0005F05DF /* XMLDemoTests.m */,
				183E38C918A86CB0005F05DF /* Supporting Files */,
			);
			path = XMLDemoTests;
			sourceTree = "<group>";
		};
		183E38C918A86CB0005F05DF /* Supporting Files */ = {
			isa = PBXGroup;
			children = (
				183E38CA18A86CB0005F05DF /* XMLDemoTests-Info.plist */,
				183E38CB18A86CB0005F05DF /* InfoPlist.strings */,
			);
			name = "Supporting Files";
			sourceTree = "<group>";
		};
		18F5B50318AC72D000250CFA /* EGOTableViewPullRefresh */ = {
			isa = PBXGroup;
			children = (
				18F5B50418AC72D000250CFA /* Classes */,
				18F5B50818AC72D000250CFA /* Resources */,
			);
			path = EGOTableViewPullRefresh;
			sourceTree = "<group>";
		};
		18F5B50418AC72D000250CFA /* Classes */ = {
			isa = PBXGroup;
			children = (
				18F5B50518AC72D000250CFA /* View */,
			);
			path = Classes;
			sourceTree = "<group>";
		};
		18F5B50518AC72D000250CFA /* View */ = {
			isa = PBXGroup;
			children = (
				18F5B50618AC72D000250CFA /* EGORefreshTableHeaderView.h */,
				18F5B50718AC72D000250CFA /* EGORefreshTableHeaderView.m */,
			);
			path = View;
			sourceTree = "<group>";
		};
		18F5B50818AC72D000250CFA /* Resources */ = {
			isa = PBXGroup;
			children = (
				18F5B50918AC72D000250CFA /* blackArrow.png */,
				18F5B50A18AC72D000250CFA /* blackArrow@2x.png */,
				18F5B50B18AC72D000250CFA /* blueArrow.png */,
				18F5B50C18AC72D000250CFA /* blueArrow@2x.png */,
				18F5B50D18AC72D000250CFA /* grayArrow.png */,
				18F5B50E18AC72D000250CFA /* grayArrow@2x.png */,
				18F5B50F18AC72D000250CFA /* whiteArrow.png */,
				18F5B51018AC72D000250CFA /* whiteArrow@2x.png */,
			);
			path = Resources;
			sourceTree = "<group>";
		};
		18F5B51A18AC72F000250CFA /* fmdb */ = {
			isa = PBXGroup;
			children = (
				18F5B51B18AC72F000250CFA /* FMDatabase.h */,
				18F5B51C18AC72F000250CFA /* FMDatabase.m */,
				18F5B51D18AC72F000250CFA /* FMDatabaseAdditions.h */,
				18F5B51E18AC72F000250CFA /* FMDatabaseAdditions.m */,
				18F5B51F18AC72F000250CFA /* FMDatabasePool.h */,
				18F5B52018AC72F000250CFA /* FMDatabasePool.m */,
				18F5B52118AC72F000250CFA /* FMDatabaseQueue.h */,
				18F5B52218AC72F000250CFA /* FMDatabaseQueue.m */,
				18F5B52318AC72F000250CFA /* FMResultSet.h */,
				18F5B52418AC72F000250CFA /* FMResultSet.m */,
			);
			path = fmdb;
			sourceTree = "<group>";
		};
/* End PBXGroup section */

/* Begin PBXNativeTarget section */
		183E38A518A86CB0005F05DF /* XMLDemo */ = {
			isa = PBXNativeTarget;
			buildConfigurationList = 183E38D218A86CB0005F05DF /* Build configuration list for PBXNativeTarget "XMLDemo" */;
			buildPhases = (
				183E38A218A86CB0005F05DF /* Sources */,
				183E38A318A86CB0005F05DF /* Frameworks */,
				183E38A418A86CB0005F05DF /* Resources */,
			);
			buildRules = (
			);
			dependencies = (
			);
			name = XMLDemo;
			productName = XMLDemo;
			productReference = 183E38A618A86CB0005F05DF /* XMLDemo.app */;
			productType = "com.apple.product-type.application";
		};
		183E38C018A86CB0005F05DF /* XMLDemoTests */ = {
			isa = PBXNativeTarget;
			buildConfigurationList = 183E38D518A86CB0005F05DF /* Build configuration list for PBXNativeTarget "XMLDemoTests" */;
			buildPhases = (
				183E38BD18A86CB0005F05DF /* Sources */,
				183E38BE18A86CB0005F05DF /* Frameworks */,
				183E38BF18A86CB0005F05DF /* Resources */,
			);
			buildRules = (
			);
			dependencies = (
				183E38C718A86CB0005F05DF /* PBXTargetDependency */,
			);
			name = XMLDemoTests;
			productName = XMLDemoTests;
			productReference = 183E38C118A86CB0005F05DF /* XMLDemoTests.xctest */;
			productType = "com.apple.product-type.bundle.unit-test";
		};
/* End PBXNativeTarget section */

/* Begin PBXProject section */
		183E389E18A86CB0005F05DF /* Project object */ = {
			isa = PBXProject;
			attributes = {
				LastUpgradeCheck = 0500;
				ORGANIZATIONNAME = apple;
				TargetAttributes = {
					183E38C018A86CB0005F05DF = {
						TestTargetID = 183E38A518A86CB0005F05DF;
					};
				};
			};
			buildConfigurationList = 183E38A118A86CB0005F05DF /* Build configuration list for PBXProject "XMLDemo" */;
			compatibilityVersion = "Xcode 3.2";
			developmentRegion = English;
			hasScannedForEncodings = 0;
			knownRegions = (
				en,
				"zh-Hans",
			);
			mainGroup = 183E389D18A86CB0005F05DF;
			productRefGroup = 183E38A718A86CB0005F05DF /* Products */;
			projectDirPath = "";
			projectRoot = "";
			targets = (
				183E38A518A86CB0005F05DF /* XMLDemo */,
				183E38C018A86CB0005F05DF /* XMLDemoTests */,
			);
		};
/* End PBXProject section */

/* Begin PBXResourcesBuildPhase section */
		183E38A418A86CB0005F05DF /* Resources */ = {
			isa = PBXResourcesBuildPhase;
			buildActionMask = 2147483647;
			files = (
				18F5B51518AC72D000250CFA /* blueArrow@2x.png in Resources */,
				183E38B418A86CB0005F05DF /* InfoPlist.strings in Resources */,
				18F5B51918AC72D000250CFA /* whiteArrow@2x.png in Resources */,
				18F5B51218AC72D000250CFA /* blackArrow.png in Resources */,
				18F5B51718AC72D000250CFA /* grayArrow@2x.png in Resources */,
				18F5B51418AC72D000250CFA /* blueArrow.png in Resources */,
				18F5B51318AC72D000250CFA /* blackArrow@2x.png in Resources */,
				18F5B51618AC72D000250CFA /* grayArrow.png in Resources */,
				189894AB18ADB86300A4F4B8 /* Data.strings in Resources */,
				18F5B51818AC72D000250CFA /* whiteArrow.png in Resources */,
				183E38BC18A86CB0005F05DF /* Images.xcassets in Resources */,
			);
			runOnlyForDeploymentPostprocessing = 0;
		};
		183E38BF18A86CB0005F05DF /* Resources */ = {
			isa = PBXResourcesBuildPhase;
			buildActionMask = 2147483647;
			files = (
				183E38CD18A86CB0005F05DF /* InfoPlist.strings in Resources */,
			);
			runOnlyForDeploymentPostprocessing = 0;
		};
/* End PBXResourcesBuildPhase section */

/* Begin PBXSourcesBuildPhase section */
		183E38A218A86CB0005F05DF /* Sources */ = {
			isa = PBXSourcesBuildPhase;
			buildActionMask = 2147483647;
			files = (
				183E38BA18A86CB0005F05DF /* AppDelegate.m in Sources */,
				183E38DD18A87103005F05DF /* GDataXMLNode.m in Sources */,
				183E38B618A86CB0005F05DF /* main.m in Sources */,
				183E38E218A87374005F05DF /* HttpRequest.m in Sources */,
				183E38DA18A86D24005F05DF /* WTYRootViewController.m in Sources */,
				18F5B52618AC72F000250CFA /* FMDatabaseAdditions.m in Sources */,
				18F5B52E18AC733300250CFA /* QFDatabase.m in Sources */,
				18F5B52918AC72F000250CFA /* FMResultSet.m in Sources */,
				18F5B51118AC72D000250CFA /* EGORefreshTableHeaderView.m in Sources */,
				18F5B52718AC72F000250CFA /* FMDatabasePool.m in Sources */,
				18F5B52818AC72F000250CFA /* FMDatabaseQueue.m in Sources */,
				183E38E618A87DE2005F05DF /* UserItem.m in Sources */,
				18F5B52518AC72F000250CFA /* FMDatabase.m in Sources */,
			);
			runOnlyForDeploymentPostprocessing = 0;
		};
		183E38BD18A86CB0005F05DF /* Sources */ = {
			isa = PBXSourcesBuildPhase;
			buildActionMask = 2147483647;
			files = (
				183E38CF18A86CB0005F05DF /* XMLDemoTests.m in Sources */,
			);
			runOnlyForDeploymentPostprocessing = 0;
		};
/* End PBXSourcesBuildPhase section */

/* Begin PBXTargetDependency section */
		183E38C718A86CB0005F05DF /* PBXTargetDependency */ = {
			isa = PBXTargetDependency;
			target = 183E38A518A86CB0005F05DF /* XMLDemo */;
			targetProxy = 183E38C618A86CB0005F05DF /* PBXContainerItemProxy */;
		};
/* End PBXTargetDependency section */

/* Begin PBXVariantGroup section */
		183E38B218A86CB0005F05DF /* InfoPlist.strings */ = {
			isa = PBXVariantGroup;
			children = (
				183E38B318A86CB0005F05DF /* en */,
				189894A518ADB79100A4F4B8 /* zh-Hans */,
			);
			name = InfoPlist.strings;
			sourceTree = "<group>";
		};
		183E38CB18A86CB0005F05DF /* InfoPlist.strings */ = {
			isa = PBXVariantGroup;
			children = (
				183E38CC18A86CB0005F05DF /* en */,
				189894A618ADB79100A4F4B8 /* zh-Hans */,
			);
			name = InfoPlist.strings;
			sourceTree = "<group>";
		};
		189894A918ADB86300A4F4B8 /* Data.strings */ = {
			isa = PBXVariantGroup;
			children = (
				189894AA18ADB86300A4F4B8 /* en */,
				189894AC18ADB87000A4F4B8 /* zh-Hans */,
			);
			name = Data.strings;
			sourceTree = "<group>";
		};
/* End PBXVariantGroup section */

/* Begin XCBuildConfiguration section */
		183E38D018A86CB0005F05DF /* Debug */ = {
			isa = XCBuildConfiguration;
			buildSettings = {
				ALWAYS_SEARCH_USER_PATHS = NO;
				ARCHS = "$(ARCHS_STANDARD_INCLUDING_64_BIT)";
				CLANG_CXX_LANGUAGE_STANDARD = "gnu++0x";
				CLANG_CXX_LIBRARY = "libc++";
				CLANG_ENABLE_MODULES = YES;
				CLANG_ENABLE_OBJC_ARC = YES;
				CLANG_WARN_BOOL_CONVERSION = YES;
				CLANG_WARN_CONSTANT_CONVERSION = YES;
				CLANG_WARN_DIRECT_OBJC_ISA_USAGE = YES_ERROR;
				CLANG_WARN_EMPTY_BODY = YES;
				CLANG_WARN_ENUM_CONVERSION = YES;
				CLANG_WARN_INT_CONVERSION = YES;
				CLANG_WARN_OBJC_ROOT_CLASS = YES_ERROR;
				CLANG_WARN__DUPLICATE_METHOD_MATCH = YES;
				"CODE_SIGN_IDENTITY[sdk=iphoneos*]" = "iPhone Developer";
				COPY_PHASE_STRIP = NO;
				GCC_C_LANGUAGE_STANDARD = gnu99;
				GCC_DYNAMIC_NO_PIC = NO;
				GCC_OPTIMIZATION_LEVEL = 0;
				GCC_PREPROCESSOR_DEFINITIONS = (
					"DEBUG=1",
					"$(inherited)",
				);
				GCC_SYMBOLS_PRIVATE_EXTERN = NO;
				GCC_WARN_64_TO_32_BIT_CONVERSION = YES;
				GCC_WARN_ABOUT_RETURN_TYPE = YES_ERROR;
				GCC_WARN_UNDECLARED_SELECTOR = YES;
				GCC_WARN_UNINITIALIZED_AUTOS = YES;
				GCC_WARN_UNUSED_FUNCTION = YES;
				GCC_WARN_UNUSED_VARIABLE = YES;
				IPHONEOS_DEPLOYMENT_TARGET = 7.0;
				ONLY_ACTIVE_ARCH = YES;
				SDKROOT = iphoneos;
				TARGETED_DEVICE_FAMILY = "1,2";
			};
			name = Debug;
		};
		183E38D118A86CB0005F05DF /* Release */ = {
			isa = XCBuildConfiguration;
			buildSettings = {
				ALWAYS_SEARCH_USER_PATHS = NO;
				ARCHS = "$(ARCHS_STANDARD_INCLUDING_64_BIT)";
				CLANG_CXX_LANGUAGE_STANDARD = "gnu++0x";
				CLANG_CXX_LIBRARY = "libc++";
				CLANG_ENABLE_MODULES = YES;
				CLANG_ENABLE_OBJC_ARC = YES;
				CLANG_WARN_BOOL_CONVERSION = YES;
				CLANG_WARN_CONSTANT_CONVERSION = YES;
				CLANG_WARN_DIRECT_OBJC_ISA_USAGE = YES_ERROR;
				CLANG_WARN_EMPTY_BODY = YES;
				CLANG_WARN_ENUM_CONVERSION = YES;
				CLANG_WARN_INT_CONVERSION = YES;
				CLANG_WARN_OBJC_ROOT_CLASS = YES_ERROR;
				CLANG_WARN__DUPLICATE_METHOD_MATCH = YES;
				"CODE_SIGN_IDENTITY[sdk=iphoneos*]" = "iPhone Developer";
				COPY_PHASE_STRIP = YES;
				ENABLE_NS_ASSERTIONS = NO;
				GCC_C_LANGUAGE_STANDARD = gnu99;
				GCC_WARN_64_TO_32_BIT_CONVERSION = YES;
				GCC_WARN_ABOUT_RETURN_TYPE = YES_ERROR;
				GCC_WARN_UNDECLARED_SELECTOR = YES;
				GCC_WARN_UNINITIALIZED_AUTOS = YES;
				GCC_WARN_UNUSED_FUNCTION = YES;
				GCC_WARN_UNUSED_VARIABLE = YES;
				IPHONEOS_DEPLOYMENT_TARGET = 7.0;
				SDKROOT = iphoneos;
				TARGETED_DEVICE_FAMILY = "1,2";
				VALIDATE_PRODUCT = YES;
			};
			name = Release;
		};
		183E38D318A86CB0005F05DF /* Debug */ = {
			isa = XCBuildConfiguration;
			buildSettings = {
				ASSETCATALOG_COMPILER_APPICON_NAME = AppIcon;
				ASSETCATALOG_COMPILER_LAUNCHIMAGE_NAME = LaunchImage;
				CLANG_ENABLE_OBJC_ARC = NO;
				GCC_PRECOMPILE_PREFIX_HEADER = YES;
				GCC_PREFIX_HEADER = "XMLDemo/XMLDemo-Prefix.pch";
				HEADER_SEARCH_PATHS = (
					"$(inherited)",
					/Applications/Xcode.app/Contents/Developer/Toolchains/XcodeDefault.xctoolchain/usr/include,
					/usr/include/libxml2,
				);
				INFOPLIST_FILE = "XMLDemo/XMLDemo-Info.plist";
				PRODUCT_NAME = "$(TARGET_NAME)";
				TARGETED_DEVICE_FAMILY = 1;
				WRAPPER_EXTENSION = app;
			};
			name = Debug;
		};
		183E38D418A86CB0005F05DF /* Release */ = {
			isa = XCBuildConfiguration;
			buildSettings = {
				ASSETCATALOG_COMPILER_APPICON_NAME = AppIcon;
				ASSETCATALOG_COMPILER_LAUNCHIMAGE_NAME = LaunchImage;
				CLANG_ENABLE_OBJC_ARC = NO;
				GCC_PRECOMPILE_PREFIX_HEADER = YES;
				GCC_PREFIX_HEADER = "XMLDemo/XMLDemo-Prefix.pch";
				HEADER_SEARCH_PATHS = (
					"$(inherited)",
					/Applications/Xcode.app/Contents/Developer/Toolchains/XcodeDefault.xctoolchain/usr/include,
					/usr/include/libxml2,
				);
				INFOPLIST_FILE = "XMLDemo/XMLDemo-Info.plist";
				PRODUCT_NAME = "$(TARGET_NAME)";
				TARGETED_DEVICE_FAMILY = 1;
				WRAPPER_EXTENSION = app;
			};
			name = Release;
		};
		183E38D618A86CB0005F05DF /* Debug */ = {
			isa = XCBuildConfiguration;
			buildSettings = {
				ARCHS = "$(ARCHS_STANDARD_INCLUDING_64_BIT)";
				BUNDLE_LOADER = "$(BUILT_PRODUCTS_DIR)/XMLDemo.app/XMLDemo";
				FRAMEWORK_SEARCH_PATHS = (
					"$(SDKROOT)/Developer/Library/Frameworks",
					"$(inherited)",
					"$(DEVELOPER_FRAMEWORKS_DIR)",
				);
				GCC_PRECOMPILE_PREFIX_HEADER = YES;
				GCC_PREFIX_HEADER = "XMLDemo/XMLDemo-Prefix.pch";
				GCC_PREPROCESSOR_DEFINITIONS = (
					"DEBUG=1",
					"$(inherited)",
				);
				INFOPLIST_FILE = "XMLDemoTests/XMLDemoTests-Info.plist";
				PRODUCT_NAME = "$(TARGET_NAME)";
				TEST_HOST = "$(BUNDLE_LOADER)";
				WRAPPER_EXTENSION = xctest;
			};
			name = Debug;
		};
		183E38D718A86CB0005F05DF /* Release */ = {
			isa = XCBuildConfiguration;
			buildSettings = {
				ARCHS = "$(ARCHS_STANDARD_INCLUDING_64_BIT)";
				BUNDLE_LOADER = "$(BUILT_PRODUCTS_DIR)/XMLDemo.app/XMLDemo";
				FRAMEWORK_SEARCH_PATHS = (
					"$(SDKROOT)/Developer/Library/Frameworks",
					"$(inherited)",
					"$(DEVELOPER_FRAMEWORKS_DIR)",
				);
				GCC_PRECOMPILE_PREFIX_HEADER = YES;
				GCC_PREFIX_HEADER = "XMLDemo/XMLDemo-Prefix.pch";
				INFOPLIST_FILE = "XMLDemoTests/XMLDemoTests-Info.plist";
				PRODUCT_NAME = "$(TARGET_NAME)";
				TEST_HOST = "$(BUNDLE_LOADER)";
				WRAPPER_EXTENSION = xctest;
			};
			name = Release;
		};
/* End XCBuildConfiguration section */

/* Begin XCConfigurationList section */
		183E38A118A86CB0005F05DF /* Build configuration list for PBXProject "XMLDemo" */ = {
			isa = XCConfigurationList;
			buildConfigurations = (
				183E38D018A86CB0005F05DF /* Debug */,
				183E38D118A86CB0005F05DF /* Release */,
			);
			defaultConfigurationIsVisible = 0;
			defaultConfigurationName = Release;
		};
		183E38D218A86CB0005F05DF /* Build configuration list for PBXNativeTarget "XMLDemo" */ = {
			isa = XCConfigurationList;
			buildConfigurations = (
				183E38D318A86CB0005F05DF /* Debug */,
				183E38D418A86CB0005F05DF /* Release */,
			);
			defaultConfigurationIsVisible = 0;
			defaultConfigurationName = Release;
		};
		183E38D518A86CB0005F05DF /* Build configuration list for PBXNativeTarget "XMLDemoTests" */ = {
			isa = XCConfigurationList;
			buildConfigurations = (
				183E38D618A86CB0005F05DF /* Debug */,
				183E38D718A86CB0005F05DF /* Release */,
			);
			defaultConfigurationIsVisible = 0;
			defaultConfigurationName = Release;
		};
/* End XCConfigurationList section */
	};
	rootObject = 183E389E18A86CB0005F05DF /* Project object */;
}
